PODS:
  - Alamofire (5.3.0)
  - BRYXBanner (0.8.4)
  - IHProgressHUD (0.1.5)
  - Starscream (3.0.6)

DEPENDENCIES:
  - Alamofire (~> 5.2)
  - BRYXBanner
  - IHProgressHUD (from `https://github.com/Swiftify-Corp/IHProgressHUD.git`)
  - Starscream (~> 3.0.2)

SPEC REPOS:
  trunk:
    - Alamofire
    - BRYXBanner
    - Starscream

EXTERNAL SOURCES:
  IHProgressHUD:
    :git: https://github.com/Swiftify-Corp/IHProgressHUD.git

CHECKOUT OPTIONS:
  IHProgressHUD:
    :commit: 84b65368d4c106e785c89ed5a75ba90111633d43
    :git: https://github.com/Swiftify-Corp/IHProgressHUD.git

SPEC CHECKSUMS:
  Alamofire: 2c792affbdc2f18016e08fdbcacd60aebe1ba593
  BRYXBanner: 4fbd266f96ce000e4c6cc9a0558c446bd88d9801
  IHProgressHUD: 554f1e4cb088cf82c238dc1c607f5fadfd81ab89
  Starscream: ef3ece99d765eeccb67de105bfa143f929026cf5

PODFILE CHECKSUM: 2f5852066ddd301877b5794eb546b36a138e39e0

COCOAPODS: 1.9.3
